
Microsoft Visual Studio Solution File, Format Version 12.00
# Visual Studio 14
VisualStudioVersion = 14.0.25420.1
MinimumVisualStudioVersion = 10.0.40219.1
Project("{FAE04EC0-301F-11D3-BF4B-00C04F79EFBC}") = "SecurityApplication", "SecurityApplication\SecurityApplication.csproj", "{6FDE3DBF-3FBE-4BC6-B520-6B96D64976A9}"
EndProject
Project("{FAE04EC0-301F-11D3-BF4B-00C04F79EFBC}") = "UnitTestProject", "UnitTestProject\UnitTestProject.csproj", "{BED4327A-7A24-4B33-9CEC-168B16BBD4A7}"
EndProject
Global
	GlobalSection(SolutionConfigurationPlatforms) = preSolution
		Debug|Any CPU = Debug|Any CPU
		Debug|ARM = Debug|ARM
		Debug|x64 = Debug|x64
		Debug|x86 = Debug|x86
		Release|Any CPU = Release|Any CPU
		Release|ARM = Release|ARM
		Release|x64 = Release|x64
		Release|x86 = Release|x86
	EndGlobalSection
	GlobalSection(ProjectConfigurationPlatforms) = postSolution
		{6FDE3DBF-3FBE-4BC6-B520-6B96D64976A9}.Debug|Any CPU.ActiveCfg = Debug|Any CPU
		{6FDE3DBF-3FBE-4BC6-B520-6B96D64976A9}.Debug|Any CPU.Build.0 = Debug|Any CPU
		{6FDE3DBF-3FBE-4BC6-B520-6B96D64976A9}.Debug|ARM.ActiveCfg = Debug|Any CPU
		{6FDE3DBF-3FBE-4BC6-B520-6B96D64976A9}.Debug|ARM.Build.0 = Debug|Any CPU
		{6FDE3DBF-3FBE-4BC6-B520-6B96D64976A9}.Debug|x64.ActiveCfg = Debug|Any CPU
		{6FDE3DBF-3FBE-4BC6-B520-6B96D64976A9}.Debug|x64.Build.0 = Debug|Any CPU
		{6FDE3DBF-3FBE-4BC6-B520-6B96D64976A9}.Debug|x86.ActiveCfg = Debug|Any CPU
		{6FDE3DBF-3FBE-4BC6-B520-6B96D64976A9}.Debug|x86.Build.0 = Debug|Any CPU
		{6FDE3DBF-3FBE-4BC6-B520-6B96D64976A9}.Release|Any CPU.ActiveCfg = Release|Any CPU
		{6FDE3DBF-3FBE-4BC6-B520-6B96D64976A9}.Release|Any CPU.Build.0 = Release|Any CPU
		{6FDE3DBF-3FBE-4BC6-B520-6B96D64976A9}.Release|ARM.ActiveCfg = Release|Any CPU
		{6FDE3DBF-3FBE-4BC6-B520-6B96D64976A9}.Release|ARM.Build.0 = Release|Any CPU
		{6FDE3DBF-3FBE-4BC6-B520-6B96D64976A9}.Release|x64.ActiveCfg = Release|Any CPU
		{6FDE3DBF-3FBE-4BC6-B520-6B96D64976A9}.Release|x64.Build.0 = Release|Any CPU
		{6FDE3DBF-3FBE-4BC6-B520-6B96D64976A9}.Release|x86.ActiveCfg = Release|Any CPU
		{6FDE3DBF-3FBE-4BC6-B520-6B96D64976A9}.Release|x86.Build.0 = Release|Any CPU
		{BED4327A-7A24-4B33-9CEC-168B16BBD4A7}.Debug|Any CPU.ActiveCfg = Debug|Any CPU
		{BED4327A-7A24-4B33-9CEC-168B16BBD4A7}.Debug|Any CPU.Build.0 = Debug|Any CPU
		{BED4327A-7A24-4B33-9CEC-168B16BBD4A7}.Debug|ARM.ActiveCfg = Debug|Any CPU
		{BED4327A-7A24-4B33-9CEC-168B16BBD4A7}.Debug|ARM.Build.0 = Debug|Any CPU
		{BED4327A-7A24-4B33-9CEC-168B16BBD4A7}.Debug|x64.ActiveCfg = Debug|Any CPU
		{BED4327A-7A24-4B33-9CEC-168B16BBD4A7}.Debug|x64.Build.0 = Debug|Any CPU
		{BED4327A-7A24-4B33-9CEC-168B16BBD4A7}.Debug|x86.ActiveCfg = Debug|Any CPU
		{BED4327A-7A24-4B33-9CEC-168B16BBD4A7}.Debug|x86.Build.0 = Debug|Any CPU
		{BED4327A-7A24-4B33-9CEC-168B16BBD4A7}.Release|Any CPU.ActiveCfg = Release|Any CPU
		{BED4327A-7A24-4B33-9CEC-168B16BBD4A7}.Release|Any CPU.Build.0 = Release|Any CPU
		{BED4327A-7A24-4B33-9CEC-168B16BBD4A7}.Release|ARM.ActiveCfg = Release|Any CPU
		{BED4327A-7A24-4B33-9CEC-168B16BBD4A7}.Release|ARM.Build.0 = Release|Any CPU
		{BED4327A-7A24-4B33-9CEC-168B16BBD4A7}.Release|x64.ActiveCfg = Release|Any CPU
		{BED4327A-7A24-4B33-9CEC-168B16BBD4A7}.Release|x64.Build.0 = Release|Any CPU
		{BED4327A-7A24-4B33-9CEC-168B16BBD4A7}.Release|x86.ActiveCfg = Release|Any CPU
		{BED4327A-7A24-4B33-9CEC-168B16BBD4A7}.Release|x86.Build.0 = Release|Any CPU
	EndGlobalSection
	GlobalSection(SolutionProperties) = preSolution
		HideSolutionNode = FALSE
	EndGlobalSection
EndGlobal
